{
  "name": "jev-rec-demo",
  "version": "0.1.0",
  "lockfileVersion": 3,
  "requires": true,
  "packages": {
    "": {
      "name": "jev-rec-demo",
      "version": "0.1.0",
      "dependencies": {
        "jev-guard": "^0.3.1"
      },
      "engines": {
        "node": ">=20.3"
      }
    },
    "node_modules/jev-guard": {
      "version": "0.3.1",
      "resolved": "https://registry.npmjs.org/jev-guard/-/jev-guard-0.3.1.tgz",
      "integrity": "sha512-/LZoNw99A4AXjQUAblKhhlJ1nrx9EZo6dnOfKI2SZ/IMsrswcJ2Jyh14XgWY+binm4eHJlqouVfmkk4Qy86eOw==",
      "license": "MIT",
      "bin": {
        "jev-guard": "src/cli.js"
      },
      "engines": {
        "node": ">=20.3"
      },
      "peerDependencies": {
        "@earendil-works/pi-coding-agent": "*"
      },
      "peerDependenciesMeta": {
        "@earendil-works/pi-coding-agent": {
          "optional": true
        }
      }
    }
  }
}
